
Microsoft Visual Studio Solution File, Format Version 12.00
# Visual Studio Version 17
VisualStudioVersion = 17.0.31903.59
MinimumVisualStudioVersion = 10.0.40219.1
Project("{FAE04EC0-301F-11D3-BF4B-00C04F79EFBC}") = "Grassroots.Domain", "Grassroots.Domain\Grassroots.Domain.csproj", "{002CE89D-2FD2-412B-A2E5-40E768CD9B58}"
EndProject
Project("{FAE04EC0-301F-11D3-BF4B-00C04F79EFBC}") = "Grassroots.Application", "Grassroots.Application\Grassroots.Application.csproj", "{4B833CE6-7978-475B-B365-3897FE738DC3}"
EndProject
Project("{FAE04EC0-301F-11D3-BF4B-00C04F79EFBC}") = "Grassroots.Infrastructure", "Grassroots.Infrastructure\Grassroots.Infrastructure.csproj", "{657A369C-F0AB-4037-BF4D-1EDB618FCD7D}"
EndProject
Project("{FAE04EC0-301F-11D3-BF4B-00C04F79EFBC}") = "Grassroots.Api", "Grassroots.Api\Grassroots.Api.csproj", "{1F05557E-9E5A-4A5B-B307-058B7A522003}"
EndProject
Global
	GlobalSection(SolutionConfigurationPlatforms) = preSolution
		Debug|Any CPU = Debug|Any CPU
		Debug|x64 = Debug|x64
		Debug|x86 = Debug|x86
		Release|Any CPU = Release|Any CPU
		Release|x64 = Release|x64
		Release|x86 = Release|x86
	EndGlobalSection
	GlobalSection(ProjectConfigurationPlatforms) = postSolution
		{002CE89D-2FD2-412B-A2E5-40E768CD9B58}.Debug|Any CPU.ActiveCfg = Debug|Any CPU
		{002CE89D-2FD2-412B-A2E5-40E768CD9B58}.Debug|Any CPU.Build.0 = Debug|Any CPU
		{002CE89D-2FD2-412B-A2E5-40E768CD9B58}.Debug|x64.ActiveCfg = Debug|Any CPU
		{002CE89D-2FD2-412B-A2E5-40E768CD9B58}.Debug|x64.Build.0 = Debug|Any CPU
		{002CE89D-2FD2-412B-A2E5-40E768CD9B58}.Debug|x86.ActiveCfg = Debug|Any CPU
		{002CE89D-2FD2-412B-A2E5-40E768CD9B58}.Debug|x86.Build.0 = Debug|Any CPU
		{002CE89D-2FD2-412B-A2E5-40E768CD9B58}.Release|Any CPU.ActiveCfg = Release|Any CPU
		{002CE89D-2FD2-412B-A2E5-40E768CD9B58}.Release|Any CPU.Build.0 = Release|Any CPU
		{002CE89D-2FD2-412B-A2E5-40E768CD9B58}.Release|x64.ActiveCfg = Release|Any CPU
		{002CE89D-2FD2-412B-A2E5-40E768CD9B58}.Release|x64.Build.0 = Release|Any CPU
		{002CE89D-2FD2-412B-A2E5-40E768CD9B58}.Release|x86.ActiveCfg = Release|Any CPU
		{002CE89D-2FD2-412B-A2E5-40E768CD9B58}.Release|x86.Build.0 = Release|Any CPU
		{4B833CE6-7978-475B-B365-3897FE738DC3}.Debug|Any CPU.ActiveCfg = Debug|Any CPU
		{4B833CE6-7978-475B-B365-3897FE738DC3}.Debug|Any CPU.Build.0 = Debug|Any CPU
		{4B833CE6-7978-475B-B365-3897FE738DC3}.Debug|x64.ActiveCfg = Debug|Any CPU
		{4B833CE6-7978-475B-B365-3897FE738DC3}.Debug|x64.Build.0 = Debug|Any CPU
		{4B833CE6-7978-475B-B365-3897FE738DC3}.Debug|x86.ActiveCfg = Debug|Any CPU
		{4B833CE6-7978-475B-B365-3897FE738DC3}.Debug|x86.Build.0 = Debug|Any CPU
		{4B833CE6-7978-475B-B365-3897FE738DC3}.Release|Any CPU.ActiveCfg = Release|Any CPU
		{4B833CE6-7978-475B-B365-3897FE738DC3}.Release|Any CPU.Build.0 = Release|Any CPU
		{4B833CE6-7978-475B-B365-3897FE738DC3}.Release|x64.ActiveCfg = Release|Any CPU
		{4B833CE6-7978-475B-B365-3897FE738DC3}.Release|x64.Build.0 = Release|Any CPU
		{4B833CE6-7978-475B-B365-3897FE738DC3}.Release|x86.ActiveCfg = Release|Any CPU
		{4B833CE6-7978-475B-B365-3897FE738DC3}.Release|x86.Build.0 = Release|Any CPU
		{657A369C-F0AB-4037-BF4D-1EDB618FCD7D}.Debug|Any CPU.ActiveCfg = Debug|Any CPU
		{657A369C-F0AB-4037-BF4D-1EDB618FCD7D}.Debug|Any CPU.Build.0 = Debug|Any CPU
		{657A369C-F0AB-4037-BF4D-1EDB618FCD7D}.Debug|x64.ActiveCfg = Debug|Any CPU
		{657A369C-F0AB-4037-BF4D-1EDB618FCD7D}.Debug|x64.Build.0 = Debug|Any CPU
		{657A369C-F0AB-4037-BF4D-1EDB618FCD7D}.Debug|x86.ActiveCfg = Debug|Any CPU
		{657A369C-F0AB-4037-BF4D-1EDB618FCD7D}.Debug|x86.Build.0 = Debug|Any CPU
		{657A369C-F0AB-4037-BF4D-1EDB618FCD7D}.Release|Any CPU.ActiveCfg = Release|Any CPU
		{657A369C-F0AB-4037-BF4D-1EDB618FCD7D}.Release|Any CPU.Build.0 = Release|Any CPU
		{657A369C-F0AB-4037-BF4D-1EDB618FCD7D}.Release|x64.ActiveCfg = Release|Any CPU
		{657A369C-F0AB-4037-BF4D-1EDB618FCD7D}.Release|x64.Build.0 = Release|Any CPU
		{657A369C-F0AB-4037-BF4D-1EDB618FCD7D}.Release|x86.ActiveCfg = Release|Any CPU
		{657A369C-F0AB-4037-BF4D-1EDB618FCD7D}.Release|x86.Build.0 = Release|Any CPU
		{1F05557E-9E5A-4A5B-B307-058B7A522003}.Debug|Any CPU.ActiveCfg = Debug|Any CPU
		{1F05557E-9E5A-4A5B-B307-058B7A522003}.Debug|Any CPU.Build.0 = Debug|Any CPU
		{1F05557E-9E5A-4A5B-B307-058B7A522003}.Debug|x64.ActiveCfg = Debug|Any CPU
		{1F05557E-9E5A-4A5B-B307-058B7A522003}.Debug|x64.Build.0 = Debug|Any CPU
		{1F05557E-9E5A-4A5B-B307-058B7A522003}.Debug|x86.ActiveCfg = Debug|Any CPU
		{1F05557E-9E5A-4A5B-B307-058B7A522003}.Debug|x86.Build.0 = Debug|Any CPU
		{1F05557E-9E5A-4A5B-B307-058B7A522003}.Release|Any CPU.ActiveCfg = Release|Any CPU
		{1F05557E-9E5A-4A5B-B307-058B7A522003}.Release|Any CPU.Build.0 = Release|Any CPU
		{1F05557E-9E5A-4A5B-B307-058B7A522003}.Release|x64.ActiveCfg = Release|Any CPU
		{1F05557E-9E5A-4A5B-B307-058B7A522003}.Release|x64.Build.0 = Release|Any CPU
		{1F05557E-9E5A-4A5B-B307-058B7A522003}.Release|x86.ActiveCfg = Release|Any CPU
		{1F05557E-9E5A-4A5B-B307-058B7A522003}.Release|x86.Build.0 = Release|Any CPU
	EndGlobalSection
	GlobalSection(SolutionProperties) = preSolution
		HideSolutionNode = FALSE
	EndGlobalSection
EndGlobal
